// !$*UTF8*$!
{
	archiveVersion = 1;
	classes = {};
	objectVersion = 77;
	objects = {

/* Begin PBXBuildFile section */

		A10000000000000000000002 /* CentyChatMobileApp.swift in Sources */ = {isa = PBXBuildFile; fileRef = A10000000000000000000012 /* CentyChatMobileApp.swift */; };
		A10000000000000000000003 /* Assets.xcassets in Resources */ = {isa = PBXBuildFile; fileRef = A10000000000000000000013 /* Assets.xcassets */; };
		A10000000000000000000004 /* PrivacyInfo.xcprivacy in Resources */ = {isa = PBXBuildFile; fileRef = A10000000000000000000014 /* PrivacyInfo.xcprivacy */; };
		A10000000000000000000005 /* fixtures in Resources */ = {isa = PBXBuildFile; fileRef = A10000000000000000000018 /* fixtures */; };
		A10000000000000000000025 /* AppLaunchTests.swift in Sources */ = {isa = PBXBuildFile; fileRef = A10000000000000000000035 /* AppLaunchTests.swift */; };
		A10000000000000000000201 /* UserPathQATests.swift in Sources */ = {isa = PBXBuildFile; fileRef = A10000000000000000000202 /* UserPathQATests.swift */; };
		A10000000000000000000029 /* ScreenshotTourTests.swift in Sources */ = {isa = PBXBuildFile; fileRef = A10000000000000000000039 /* ScreenshotTourTests.swift */; };
/* End PBXBuildFile section */

/* Begin PBXContainerItemProxy section */
		A10000000000000000000041 /* PBXContainerItemProxy */ = {isa = PBXContainerItemProxy; containerPortal = A10000000000000000000090 /* Project object */; proxyType = 1; remoteGlobalIDString = A100000000000000000000A1; remoteInfo = CentyChat; };

		A10000000000000000000043 /* PBXContainerItemProxy */ = {isa = PBXContainerItemProxy; containerPortal = A10000000000000000000090 /* Project object */; proxyType = 1; remoteGlobalIDString = A100000000000000000000A1; remoteInfo = CentyChat; };
/* End PBXContainerItemProxy section */

/* Begin PBXFileReference section */

		A10000000000000000000012 /* CentyChatMobileApp.swift */ = {isa = PBXFileReference; lastKnownFileType = sourcecode.swift; path = CentyChatMobileApp.swift; sourceTree = "<group>"; };
		A10000000000000000000013 /* Assets.xcassets */ = {isa = PBXFileReference; lastKnownFileType = folder.assetcatalog; path = CentyChat/Resources/Assets.xcassets; sourceTree = "<group>"; };
		A10000000000000000000014 /* PrivacyInfo.xcprivacy */ = {isa = PBXFileReference; lastKnownFileType = text.plist.xml; path = CentyChat/Resources/PrivacyInfo.xcprivacy; sourceTree = "<group>"; };
		A10000000000000000000015 /* CentyChat.app */ = {isa = PBXFileReference; explicitFileType = wrapper.application; includeInIndex = 0; path = CentyChat.app; sourceTree = BUILT_PRODUCTS_DIR; };
		A10000000000000000000016 /* CentyChatTests.xctest */ = {isa = PBXFileReference; explicitFileType = wrapper.cfbundle; includeInIndex = 0; path = CentyChatTests.xctest; sourceTree = BUILT_PRODUCTS_DIR; };
		A10000000000000000000017 /* CentyChatUITests.xctest */ = {isa = PBXFileReference; explicitFileType = wrapper.cfbundle; includeInIndex = 0; path = CentyChatUITests.xctest; sourceTree = BUILT_PRODUCTS_DIR; };
		A10000000000000000000018 /* fixtures */ = {isa = PBXFileReference; lastKnownFileType = folder; name = fixtures; path = ../contracts/fixtures; sourceTree = SOURCE_ROOT; };
		A10000000000000000000035 /* AppLaunchTests.swift */ = {isa = PBXFileReference; lastKnownFileType = sourcecode.swift; path = AppLaunchTests.swift; sourceTree = "<group>"; };
		A10000000000000000000202 /* UserPathQATests.swift */ = {isa = PBXFileReference; lastKnownFileType = sourcecode.swift; path = UserPathQATests.swift; sourceTree = "<group>"; };
		A10000000000000000000039 /* ScreenshotTourTests.swift */ = {isa = PBXFileReference; lastKnownFileType = sourcecode.swift; path = ScreenshotTourTests.swift; sourceTree = "<group>"; };
/* End PBXFileReference section */

/* Begin PBXFileSystemSynchronizedBuildFileExceptionSet section */
		A10000000000000000000051 /* Application source exclusions */ = {
			isa = PBXFileSystemSynchronizedBuildFileExceptionSet;
			membershipExceptions = (
				Resources/Assets.xcassets,
				Resources/Info.plist,
				Resources/PrivacyInfo.xcprivacy,
			);
			target = A100000000000000000000A1 /* CentyChat */;
		};
/* End PBXFileSystemSynchronizedBuildFileExceptionSet section */

/* Begin PBXFileSystemSynchronizedRootGroup section */
		A10000000000000000000061 /* CentyChat */ = {
			isa = PBXFileSystemSynchronizedRootGroup;
			exceptions = (A10000000000000000000051 /* Application source exclusions */);
			path = CentyChat;
			sourceTree = "<group>";
		};
		A10000000000000000000062 /* CentyChatTests */ = {
			isa = PBXFileSystemSynchronizedRootGroup;
			path = CentyChatTests;
			sourceTree = "<group>";
		};
/* End PBXFileSystemSynchronizedRootGroup section */

/* Begin PBXFrameworksBuildPhase section */
		A10000000000000000000072 /* Frameworks */ = {isa = PBXFrameworksBuildPhase; buildActionMask = 2147483647; files = (); runOnlyForDeploymentPostprocessing = 0; };
		A10000000000000000000073 /* Frameworks */ = {isa = PBXFrameworksBuildPhase; buildActionMask = 2147483647; files = (); runOnlyForDeploymentPostprocessing = 0; };
		A10000000000000000000074 /* Frameworks */ = {isa = PBXFrameworksBuildPhase; buildActionMask = 2147483647; files = (); runOnlyForDeploymentPostprocessing = 0; };
/* End PBXFrameworksBuildPhase section */

/* Begin PBXGroup section */
		A10000000000000000000080 = {
			isa = PBXGroup;
			children = (
				A10000000000000000000061 /* CentyChat */,
				A10000000000000000000081 /* CentyChatMobileApp */,
				A10000000000000000000062 /* CentyChatTests */,
				A10000000000000000000084 /* CentyChatUITests */,
				A10000000000000000000018 /* fixtures */,
				A10000000000000000000083 /* Products */,
			);
			sourceTree = "<group>";
		};
		A10000000000000000000081 /* CentyChatMobileApp */ = {isa = PBXGroup; children = (A10000000000000000000012 /* CentyChatMobileApp.swift */); path = CentyChatMobileApp; sourceTree = "<group>"; };
		A10000000000000000000084 /* CentyChatUITests */ = {isa = PBXGroup; children = (A10000000000000000000035 /* AppLaunchTests.swift */, A10000000000000000000039 /* ScreenshotTourTests.swift */, A10000000000000000000202 /* UserPathQATests.swift */); path = CentyChatUITests; sourceTree = "<group>"; };
		A10000000000000000000083 /* Products */ = {isa = PBXGroup; children = (A10000000000000000000015 /* CentyChat.app */, A10000000000000000000016 /* CentyChatTests.xctest */, A10000000000000000000017 /* CentyChatUITests.xctest */); name = Products; sourceTree = "<group>"; };
/* End PBXGroup section */

/* Begin PBXNativeTarget section */
		A100000000000000000000A1 /* CentyChat */ = {
			isa = PBXNativeTarget;
			buildConfigurationList = A100000000000000000000B1 /* Build configuration list for PBXNativeTarget "CentyChat" */;
			buildPhases = (A10000000000000000000091 /* Sources */, A10000000000000000000072 /* Frameworks */, A10000000000000000000092 /* Resources */);
			buildRules = ();
			dependencies = ();
			fileSystemSynchronizedGroups = (A10000000000000000000061 /* CentyChat */);
			name = CentyChat;
			productName = CentyChat;
			productReference = A10000000000000000000015 /* CentyChat.app */;
			productType = "com.apple.product-type.application";
		};

		A100000000000000000000A3 /* CentyChatTests */ = {
			isa = PBXNativeTarget;
			buildConfigurationList = A100000000000000000000B3 /* Build configuration list for PBXNativeTarget "CentyChatTests" */;
			buildPhases = (A10000000000000000000095 /* Sources */, A10000000000000000000073 /* Frameworks */, A10000000000000000000096 /* Resources */);
			buildRules = ();
			dependencies = (A100000000000000000000D2 /* PBXTargetDependency */);
			fileSystemSynchronizedGroups = (A10000000000000000000062 /* CentyChatTests */);
			name = CentyChatTests;
			productName = CentyChatTests;
			productReference = A10000000000000000000016 /* CentyChatTests.xctest */;
			productType = "com.apple.product-type.bundle.unit-test";
		};
		A100000000000000000000A4 /* CentyChatUITests */ = {
			isa = PBXNativeTarget;
			buildConfigurationList = A100000000000000000000B4 /* Build configuration list for PBXNativeTarget "CentyChatUITests" */;
			buildPhases = (A10000000000000000000097 /* Sources */, A10000000000000000000074 /* Frameworks */, A10000000000000000000098 /* Resources */);
			buildRules = ();
			dependencies = (A100000000000000000000D3 /* PBXTargetDependency */);
			name = CentyChatUITests;
			productName = CentyChatUITests;
			productReference = A10000000000000000000017 /* CentyChatUITests.xctest */;
			productType = "com.apple.product-type.bundle.ui-testing";
		};
/* End PBXNativeTarget section */

/* Begin PBXProject section */
		A10000000000000000000090 /* Project object */ = {
			isa = PBXProject;
			attributes = { LastSwiftUpdateCheck = 1600; LastUpgradeCheck = 1600; TargetAttributes = { A100000000000000000000A1 = { CreatedOnToolsVersion = 16.0; }; A100000000000000000000A3 = { CreatedOnToolsVersion = 16.0; TestTargetID = A100000000000000000000A1; }; A100000000000000000000A4 = { CreatedOnToolsVersion = 16.0; TestTargetID = A100000000000000000000A1; }; }; };
			buildConfigurationList = A100000000000000000000B0 /* Build configuration list for PBXProject "CentyChat" */;
			compatibilityVersion = "Xcode 16.0";
			developmentRegion = ru;
			hasScannedForEncodings = 0;
			knownRegions = (ru, Base);
			mainGroup = A10000000000000000000080;
			productRefGroup = A10000000000000000000083 /* Products */;
			projectDirPath = "";
			projectRoot = "";
			targets = (A100000000000000000000A1 /* CentyChat */, A100000000000000000000A3 /* CentyChatTests */, A100000000000000000000A4 /* CentyChatUITests */);
		};
/* End PBXProject section */

/* Begin PBXResourcesBuildPhase section */
		A10000000000000000000092 /* Resources */ = {isa = PBXResourcesBuildPhase; buildActionMask = 2147483647; files = (A10000000000000000000003 /* Assets.xcassets in Resources */, A10000000000000000000004 /* PrivacyInfo.xcprivacy in Resources */); runOnlyForDeploymentPostprocessing = 0; };

		A10000000000000000000096 /* Resources */ = {isa = PBXResourcesBuildPhase; buildActionMask = 2147483647; files = (A10000000000000000000005 /* fixtures in Resources */); runOnlyForDeploymentPostprocessing = 0; };
		A10000000000000000000098 /* Resources */ = {isa = PBXResourcesBuildPhase; buildActionMask = 2147483647; files = (); runOnlyForDeploymentPostprocessing = 0; };
/* End PBXResourcesBuildPhase section */

/* Begin PBXSourcesBuildPhase section */
		A10000000000000000000091 /* Sources */ = {isa = PBXSourcesBuildPhase; buildActionMask = 2147483647; files = (A10000000000000000000002 /* CentyChatMobileApp.swift in Sources */); runOnlyForDeploymentPostprocessing = 0; };

		A10000000000000000000095 /* Sources */ = {isa = PBXSourcesBuildPhase; buildActionMask = 2147483647; files = (); runOnlyForDeploymentPostprocessing = 0; };
		A10000000000000000000097 /* Sources */ = {isa = PBXSourcesBuildPhase; buildActionMask = 2147483647; files = (A10000000000000000000025 /* AppLaunchTests.swift in Sources */, A10000000000000000000029 /* ScreenshotTourTests.swift in Sources */, A10000000000000000000201 /* UserPathQATests.swift in Sources */); runOnlyForDeploymentPostprocessing = 0; };
/* End PBXSourcesBuildPhase section */

/* Begin PBXTargetDependency section */

		A100000000000000000000D2 /* PBXTargetDependency */ = {isa = PBXTargetDependency; target = A100000000000000000000A1 /* CentyChat */; targetProxy = A10000000000000000000041 /* PBXContainerItemProxy */; };
		A100000000000000000000D3 /* PBXTargetDependency */ = {isa = PBXTargetDependency; target = A100000000000000000000A1 /* CentyChat */; targetProxy = A10000000000000000000043 /* PBXContainerItemProxy */; };
/* End PBXTargetDependency section */

/* Begin XCBuildConfiguration section */
		A10000000000000000000101 /* Debug */ = {isa = XCBuildConfiguration; buildSettings = { ALWAYS_SEARCH_USER_PATHS = NO; CLANG_ENABLE_MODULES = YES; CLANG_ENABLE_OBJC_ARC = YES; DEBUG_INFORMATION_FORMAT = dwarf; ENABLE_TESTABILITY = YES; GCC_C_LANGUAGE_STANDARD = gnu17; GCC_NO_COMMON_BLOCKS = YES; SDKROOT = iphoneos; SWIFT_VERSION = 6.0; SWIFT_ACTIVE_COMPILATION_CONDITIONS = DEBUG; }; name = Debug; };
		A10000000000000000000102 /* Release */ = {isa = XCBuildConfiguration; buildSettings = { ALWAYS_SEARCH_USER_PATHS = NO; CLANG_ENABLE_MODULES = YES; CLANG_ENABLE_OBJC_ARC = YES; DEBUG_INFORMATION_FORMAT = "dwarf-with-dsym"; GCC_C_LANGUAGE_STANDARD = gnu17; GCC_NO_COMMON_BLOCKS = YES; SDKROOT = iphoneos; SWIFT_COMPILATION_MODE = wholemodule; SWIFT_VERSION = 6.0; }; name = Release; };
		A10000000000000000000111 /* Debug */ = {isa = XCBuildConfiguration; buildSettings = { ASSETCATALOG_COMPILER_APPICON_NAME = AppIcon; CENTYCHAT_SERVER_URL = "https://centychat-production.up.railway.app"; CODE_SIGN_STYLE = Automatic; CURRENT_PROJECT_VERSION = 1; GENERATE_INFOPLIST_FILE = NO; INFOPLIST_FILE = CentyChat/Resources/Info.plist; IPHONEOS_DEPLOYMENT_TARGET = 17.0; MARKETING_VERSION = 1.0.0; PRODUCT_BUNDLE_IDENTIFIER = kz.centras.centychat; PRODUCT_NAME = CentyChat; LOCALIZATION_PREFERS_STRING_CATALOGS = YES; SWIFT_EMIT_LOC_STRINGS = YES; SUPPORTED_PLATFORMS = "iphoneos iphonesimulator"; SWIFT_VERSION = 6.0; SWIFT_ACTIVE_COMPILATION_CONDITIONS = DEBUG; TARGETED_DEVICE_FAMILY = "1,2"; }; name = Debug; };
		A10000000000000000000112 /* Release */ = {isa = XCBuildConfiguration; buildSettings = { ASSETCATALOG_COMPILER_APPICON_NAME = AppIcon; CENTYCHAT_SERVER_URL = "https://centychat-production.up.railway.app"; CODE_SIGN_STYLE = Automatic; CURRENT_PROJECT_VERSION = 1; GENERATE_INFOPLIST_FILE = NO; INFOPLIST_FILE = CentyChat/Resources/Info.plist; IPHONEOS_DEPLOYMENT_TARGET = 17.0; MARKETING_VERSION = 1.0.0; PRODUCT_BUNDLE_IDENTIFIER = kz.centras.centychat; PRODUCT_NAME = CentyChat; LOCALIZATION_PREFERS_STRING_CATALOGS = YES; SWIFT_EMIT_LOC_STRINGS = YES; SUPPORTED_PLATFORMS = "iphoneos iphonesimulator"; SWIFT_COMPILATION_MODE = wholemodule; SWIFT_VERSION = 6.0; TARGETED_DEVICE_FAMILY = "1,2"; }; name = Release; };

		A10000000000000000000131 /* Debug */ = {isa = XCBuildConfiguration; buildSettings = { BUNDLE_LOADER = "$(TEST_HOST)"; GENERATE_INFOPLIST_FILE = YES; IPHONEOS_DEPLOYMENT_TARGET = 17.0; PRODUCT_BUNDLE_IDENTIFIER = kz.centras.centychat.tests; PRODUCT_MODULE_NAME = CentyChatTests; PRODUCT_NAME = "$(TARGET_NAME)"; TEST_HOST = "$(BUILT_PRODUCTS_DIR)/CentyChat.app/CentyChat"; TEST_TARGET_NAME = CentyChat; WRAPPER_EXTENSION = xctest; SWIFT_VERSION = 6.0; SWIFT_ACTIVE_COMPILATION_CONDITIONS = DEBUG; TARGETED_DEVICE_FAMILY = "1,2"; }; name = Debug; };
		A10000000000000000000132 /* Release */ = {isa = XCBuildConfiguration; buildSettings = { BUNDLE_LOADER = "$(TEST_HOST)"; GENERATE_INFOPLIST_FILE = YES; IPHONEOS_DEPLOYMENT_TARGET = 17.0; PRODUCT_BUNDLE_IDENTIFIER = kz.centras.centychat.tests; PRODUCT_MODULE_NAME = CentyChatTests; PRODUCT_NAME = "$(TARGET_NAME)"; TEST_HOST = "$(BUILT_PRODUCTS_DIR)/CentyChat.app/CentyChat"; TEST_TARGET_NAME = CentyChat; WRAPPER_EXTENSION = xctest; SWIFT_VERSION = 6.0; TARGETED_DEVICE_FAMILY = "1,2"; }; name = Release; };
		A10000000000000000000141 /* Debug */ = {isa = XCBuildConfiguration; buildSettings = { GENERATE_INFOPLIST_FILE = YES; IPHONEOS_DEPLOYMENT_TARGET = 17.0; PRODUCT_BUNDLE_IDENTIFIER = kz.centras.centychat.uitests; PRODUCT_MODULE_NAME = CentyChatUITests; PRODUCT_NAME = "$(TARGET_NAME)"; TEST_TARGET_NAME = CentyChat; WRAPPER_EXTENSION = xctest; SWIFT_VERSION = 6.0; SWIFT_ACTIVE_COMPILATION_CONDITIONS = DEBUG; TARGETED_DEVICE_FAMILY = "1,2"; }; name = Debug; };
		A10000000000000000000142 /* Release */ = {isa = XCBuildConfiguration; buildSettings = { GENERATE_INFOPLIST_FILE = YES; IPHONEOS_DEPLOYMENT_TARGET = 17.0; PRODUCT_BUNDLE_IDENTIFIER = kz.centras.centychat.uitests; PRODUCT_MODULE_NAME = CentyChatUITests; PRODUCT_NAME = "$(TARGET_NAME)"; TEST_TARGET_NAME = CentyChat; WRAPPER_EXTENSION = xctest; SWIFT_VERSION = 6.0; TARGETED_DEVICE_FAMILY = "1,2"; }; name = Release; };
/* End XCBuildConfiguration section */

/* Begin XCConfigurationList section */
		A100000000000000000000B0 /* Build configuration list for PBXProject "CentyChat" */ = {isa = XCConfigurationList; buildConfigurations = (A10000000000000000000101 /* Debug */, A10000000000000000000102 /* Release */); defaultConfigurationIsVisible = 0; defaultConfigurationName = Release; };
		A100000000000000000000B1 /* Build configuration list for PBXNativeTarget "CentyChat" */ = {isa = XCConfigurationList; buildConfigurations = (A10000000000000000000111 /* Debug */, A10000000000000000000112 /* Release */); defaultConfigurationIsVisible = 0; defaultConfigurationName = Release; };

		A100000000000000000000B3 /* Build configuration list for PBXNativeTarget "CentyChatTests" */ = {isa = XCConfigurationList; buildConfigurations = (A10000000000000000000131 /* Debug */, A10000000000000000000132 /* Release */); defaultConfigurationIsVisible = 0; defaultConfigurationName = Release; };
		A100000000000000000000B4 /* Build configuration list for PBXNativeTarget "CentyChatUITests" */ = {isa = XCConfigurationList; buildConfigurations = (A10000000000000000000141 /* Debug */, A10000000000000000000142 /* Release */); defaultConfigurationIsVisible = 0; defaultConfigurationName = Release; };
/* End XCConfigurationList section */
	};
	rootObject = A10000000000000000000090 /* Project object */;
}
